
Microsoft Visual Studio Solution File, Format Version 12.00
# Visual Studio Version 17
VisualStudioVersion = 17.4.33213.308
MinimumVisualStudioVersion = 10.0.40219.1
Project("{8BC9CEB8-8B4A-11D0-8D11-00A0C91BC942}") = "HW1", "HW1\HW1.vcxproj", "{EC0B6144-264D-4A33-8679-CB634DD683A7}"
EndProject
Project("{8BC9CEB8-8B4A-11D0-8D11-00A0C91BC942}") = "HW2", "HW2\HW2.vcxproj", "{AED69BEB-E288-428C-A4F7-D1D8BA11E214}"
EndProject
Project("{8BC9CEB8-8B4A-11D0-8D11-00A0C91BC942}") = "HW3", "HW3\HW3.vcxproj", "{FD11815C-FFA6-4394-ADF2-76FABB6196ED}"
EndProject
Project("{8BC9CEB8-8B4A-11D0-8D11-00A0C91BC942}") = "HW4 - 1", "HW4\HW4.vcxproj", "{FFAE8204-C2DC-43C5-A3F6-A555F2055BD6}"
EndProject
Project("{8BC9CEB8-8B4A-11D0-8D11-00A0C91BC942}") = "HW4-2", "HW4-2\HW4-2.vcxproj", "{622BCDFD-7800-4CCC-A762-CA1B403F787B}"
EndProject
Project("{8BC9CEB8-8B4A-11D0-8D11-00A0C91BC942}") = "HW4-3", "HW4-3\HW4-3.vcxproj", "{19BB6A1D-C565-4CB8-811B-8B578A4346D7}"
EndProject
Project("{8BC9CEB8-8B4A-11D0-8D11-00A0C91BC942}") = "HW6-1", "HW6\HW6.vcxproj", "{6D4E9387-6259-47D8-9927-D18111647789}"
EndProject
Project("{8BC9CEB8-8B4A-11D0-8D11-00A0C91BC942}") = "HW6-2", "HW6-2\HW6-2.vcxproj", "{D9385152-F9E4-4887-986D-A6CC19DB4D06}"
EndProject
Project("{8BC9CEB8-8B4A-11D0-8D11-00A0C91BC942}") = "HW7", "HW7\HW7.vcxproj", "{821A8369-CBDA-4EB4-A9FD-4EE707A11389}"
EndProject
Global
	GlobalSection(SolutionConfigurationPlatforms) = preSolution
		Debug|x64 = Debug|x64
		Debug|x86 = Debug|x86
		Release|x64 = Release|x64
		Release|x86 = Release|x86
	EndGlobalSection
	GlobalSection(ProjectConfigurationPlatforms) = postSolution
		{EC0B6144-264D-4A33-8679-CB634DD683A7}.Debug|x64.ActiveCfg = Debug|x64
		{EC0B6144-264D-4A33-8679-CB634DD683A7}.Debug|x64.Build.0 = Debug|x64
		{EC0B6144-264D-4A33-8679-CB634DD683A7}.Debug|x86.ActiveCfg = Debug|Win32
		{EC0B6144-264D-4A33-8679-CB634DD683A7}.Debug|x86.Build.0 = Debug|Win32
		{EC0B6144-264D-4A33-8679-CB634DD683A7}.Release|x64.ActiveCfg = Release|x64
		{EC0B6144-264D-4A33-8679-CB634DD683A7}.Release|x64.Build.0 = Release|x64
		{EC0B6144-264D-4A33-8679-CB634DD683A7}.Release|x86.ActiveCfg = Release|Win32
		{EC0B6144-264D-4A33-8679-CB634DD683A7}.Release|x86.Build.0 = Release|Win32
		{AED69BEB-E288-428C-A4F7-D1D8BA11E214}.Debug|x64.ActiveCfg = Debug|x64
		{AED69BEB-E288-428C-A4F7-D1D8BA11E214}.Debug|x64.Build.0 = Debug|x64
		{AED69BEB-E288-428C-A4F7-D1D8BA11E214}.Debug|x86.ActiveCfg = Debug|Win32
		{AED69BEB-E288-428C-A4F7-D1D8BA11E214}.Debug|x86.Build.0 = Debug|Win32
		{AED69BEB-E288-428C-A4F7-D1D8BA11E214}.Release|x64.ActiveCfg = Release|x64
		{AED69BEB-E288-428C-A4F7-D1D8BA11E214}.Release|x64.Build.0 = Release|x64
		{AED69BEB-E288-428C-A4F7-D1D8BA11E214}.Release|x86.ActiveCfg = Release|Win32
		{AED69BEB-E288-428C-A4F7-D1D8BA11E214}.Release|x86.Build.0 = Release|Win32
		{FD11815C-FFA6-4394-ADF2-76FABB6196ED}.Debug|x64.ActiveCfg = Debug|x64
		{FD11815C-FFA6-4394-ADF2-76FABB6196ED}.Debug|x64.Build.0 = Debug|x64
		{FD11815C-FFA6-4394-ADF2-76FABB6196ED}.Debug|x86.ActiveCfg = Debug|Win32
		{FD11815C-FFA6-4394-ADF2-76FABB6196ED}.Debug|x86.Build.0 = Debug|Win32
		{FD11815C-FFA6-4394-ADF2-76FABB6196ED}.Release|x64.ActiveCfg = Release|x64
		{FD11815C-FFA6-4394-ADF2-76FABB6196ED}.Release|x64.Build.0 = Release|x64
		{FD11815C-FFA6-4394-ADF2-76FABB6196ED}.Release|x86.ActiveCfg = Release|Win32
		{FD11815C-FFA6-4394-ADF2-76FABB6196ED}.Release|x86.Build.0 = Release|Win32
		{FFAE8204-C2DC-43C5-A3F6-A555F2055BD6}.Debug|x64.ActiveCfg = Debug|x64
		{FFAE8204-C2DC-43C5-A3F6-A555F2055BD6}.Debug|x64.Build.0 = Debug|x64
		{FFAE8204-C2DC-43C5-A3F6-A555F2055BD6}.Debug|x86.ActiveCfg = Debug|Win32
		{FFAE8204-C2DC-43C5-A3F6-A555F2055BD6}.Debug|x86.Build.0 = Debug|Win32
		{FFAE8204-C2DC-43C5-A3F6-A555F2055BD6}.Release|x64.ActiveCfg = Release|x64
		{FFAE8204-C2DC-43C5-A3F6-A555F2055BD6}.Release|x64.Build.0 = Release|x64
		{FFAE8204-C2DC-43C5-A3F6-A555F2055BD6}.Release|x86.ActiveCfg = Release|Win32
		{FFAE8204-C2DC-43C5-A3F6-A555F2055BD6}.Release|x86.Build.0 = Release|Win32
		{622BCDFD-7800-4CCC-A762-CA1B403F787B}.Debug|x64.ActiveCfg = Debug|x64
		{622BCDFD-7800-4CCC-A762-CA1B403F787B}.Debug|x64.Build.0 = Debug|x64
		{622BCDFD-7800-4CCC-A762-CA1B403F787B}.Debug|x86.ActiveCfg = Debug|Win32
		{622BCDFD-7800-4CCC-A762-CA1B403F787B}.Debug|x86.Build.0 = Debug|Win32
		{622BCDFD-7800-4CCC-A762-CA1B403F787B}.Release|x64.ActiveCfg = Release|x64
		{622BCDFD-7800-4CCC-A762-CA1B403F787B}.Release|x64.Build.0 = Release|x64
		{622BCDFD-7800-4CCC-A762-CA1B403F787B}.Release|x86.ActiveCfg = Release|Win32
		{622BCDFD-7800-4CCC-A762-CA1B403F787B}.Release|x86.Build.0 = Release|Win32
		{19BB6A1D-C565-4CB8-811B-8B578A4346D7}.Debug|x64.ActiveCfg = Debug|x64
		{19BB6A1D-C565-4CB8-811B-8B578A4346D7}.Debug|x64.Build.0 = Debug|x64
		{19BB6A1D-C565-4CB8-811B-8B578A4346D7}.Debug|x86.ActiveCfg = Debug|Win32
		{19BB6A1D-C565-4CB8-811B-8B578A4346D7}.Debug|x86.Build.0 = Debug|Win32
		{19BB6A1D-C565-4CB8-811B-8B578A4346D7}.Release|x64.ActiveCfg = Release|x64
		{19BB6A1D-C565-4CB8-811B-8B578A4346D7}.Release|x64.Build.0 = Release|x64
		{19BB6A1D-C565-4CB8-811B-8B578A4346D7}.Release|x86.ActiveCfg = Release|Win32
		{19BB6A1D-C565-4CB8-811B-8B578A4346D7}.Release|x86.Build.0 = Release|Win32
		{6D4E9387-6259-47D8-9927-D18111647789}.Debug|x64.ActiveCfg = Debug|x64
		{6D4E9387-6259-47D8-9927-D18111647789}.Debug|x64.Build.0 = Debug|x64
		{6D4E9387-6259-47D8-9927-D18111647789}.Debug|x86.ActiveCfg = Debug|Win32
		{6D4E9387-6259-47D8-9927-D18111647789}.Debug|x86.Build.0 = Debug|Win32
		{6D4E9387-6259-47D8-9927-D18111647789}.Release|x64.ActiveCfg = Release|x64
		{6D4E9387-6259-47D8-9927-D18111647789}.Release|x64.Build.0 = Release|x64
		{6D4E9387-6259-47D8-9927-D18111647789}.Release|x86.ActiveCfg = Release|Win32
		{6D4E9387-6259-47D8-9927-D18111647789}.Release|x86.Build.0 = Release|Win32
		{D9385152-F9E4-4887-986D-A6CC19DB4D06}.Debug|x64.ActiveCfg = Debug|x64
		{D9385152-F9E4-4887-986D-A6CC19DB4D06}.Debug|x64.Build.0 = Debug|x64
		{D9385152-F9E4-4887-986D-A6CC19DB4D06}.Debug|x86.ActiveCfg = Debug|Win32
		{D9385152-F9E4-4887-986D-A6CC19DB4D06}.Debug|x86.Build.0 = Debug|Win32
		{D9385152-F9E4-4887-986D-A6CC19DB4D06}.Release|x64.ActiveCfg = Release|x64
		{D9385152-F9E4-4887-986D-A6CC19DB4D06}.Release|x64.Build.0 = Release|x64
		{D9385152-F9E4-4887-986D-A6CC19DB4D06}.Release|x86.ActiveCfg = Release|Win32
		{D9385152-F9E4-4887-986D-A6CC19DB4D06}.Release|x86.Build.0 = Release|Win32
		{821A8369-CBDA-4EB4-A9FD-4EE707A11389}.Debug|x64.ActiveCfg = Debug|x64
		{821A8369-CBDA-4EB4-A9FD-4EE707A11389}.Debug|x64.Build.0 = Debug|x64
		{821A8369-CBDA-4EB4-A9FD-4EE707A11389}.Debug|x86.ActiveCfg = Debug|Win32
		{821A8369-CBDA-4EB4-A9FD-4EE707A11389}.Debug|x86.Build.0 = Debug|Win32
		{821A8369-CBDA-4EB4-A9FD-4EE707A11389}.Release|x64.ActiveCfg = Release|x64
		{821A8369-CBDA-4EB4-A9FD-4EE707A11389}.Release|x64.Build.0 = Release|x64
		{821A8369-CBDA-4EB4-A9FD-4EE707A11389}.Release|x86.ActiveCfg = Release|Win32
		{821A8369-CBDA-4EB4-A9FD-4EE707A11389}.Release|x86.Build.0 = Release|Win32
	EndGlobalSection
	GlobalSection(SolutionProperties) = preSolution
		HideSolutionNode = FALSE
	EndGlobalSection
	GlobalSection(ExtensibilityGlobals) = postSolution
		SolutionGuid = {FA44BAC6-CAF9-4998-80DC-5E53600979CD}
	EndGlobalSection
EndGlobal
